
Microsoft Visual Studio Solution File, Format Version 12.00
# Visual Studio Version 17
VisualStudioVersion = 17.3.32901.215
MinimumVisualStudioVersion = 10.0.40219.1
Project("{9A19103F-16F7-4668-BE54-9A1E7A4F7556}") = "WebAPI", "WebAPI\WebAPI.csproj", "{271D3BBF-85D6-4A41-9A84-52C9312D4EEF}"
EndProject
Project("{9A19103F-16F7-4668-BE54-9A1E7A4F7556}") = "WebAPIMatricula_3C2022", "WebAPIMatricula_3C2022\WebAPIMatricula_3C2022.csproj", "{57BB6B1C-D244-442A-A86E-DED5C24ECA6B}"
EndProject
Project("{2150E333-8FDC-42A3-9474-1A3956D46DE8}") = "Auth", "Auth", "{B6639267-833F-452D-8A58-7E8DDC8913B9}"
EndProject
Project("{2150E333-8FDC-42A3-9474-1A3956D46DE8}") = "Rest", "Rest", "{F12F7EA2-3282-4703-9C5F-ABE1086F7720}"
EndProject
Project("{2150E333-8FDC-42A3-9474-1A3956D46DE8}") = "Bll", "Bll", "{D948A04B-19E6-4798-A5F8-71C8DE92D7DD}"
EndProject
Project("{2150E333-8FDC-42A3-9474-1A3956D46DE8}") = "Dal", "Dal", "{5B48DF8B-E477-4D2F-B66D-F1FD8F2B6051}"
EndProject
Project("{2150E333-8FDC-42A3-9474-1A3956D46DE8}") = "Dto", "Dto", "{31B9DB96-544B-4B25-96D6-DBE34784F38C}"
EndProject
Project("{9A19103F-16F7-4668-BE54-9A1E7A4F7556}") = "API.Dto.Estudiante", "API.Dto.Estudiante\API.Dto.Estudiante.csproj", "{72FB3029-51A1-45BC-83E5-3545E4E0759E}"
EndProject
Project("{9A19103F-16F7-4668-BE54-9A1E7A4F7556}") = "API.Dto.General", "API.Dto.General\API.Dto.General.csproj", "{FF76521C-442A-4CF6-8E18-F0AA15DF69CC}"
EndProject
Project("{9A19103F-16F7-4668-BE54-9A1E7A4F7556}") = "API.Dto.Error", "API.Dto.Error\API.Dto.Error.csproj", "{3BBA6857-0D65-4CAB-BC5F-E764BD51AC1A}"
EndProject
Project("{9A19103F-16F7-4668-BE54-9A1E7A4F7556}") = "API.Dal.Estudiante", "API.Dal.Estudiante\API.Dal.Estudiante.csproj", "{C9FB1B5E-537F-4E53-B7E2-06992F6B2C70}"
EndProject
Project("{9A19103F-16F7-4668-BE54-9A1E7A4F7556}") = "API.Dal.General", "API.Dal.General\API.Dal.General.csproj", "{CB138B49-7A10-4B55-9AC8-6A317E5999F1}"
EndProject
Project("{9A19103F-16F7-4668-BE54-9A1E7A4F7556}") = "API.Dal.Error", "API.Dal.Error\API.Dal.Error.csproj", "{4D9830CD-2828-4416-8F06-E30F022AAA19}"
EndProject
Project("{9A19103F-16F7-4668-BE54-9A1E7A4F7556}") = "API.Bll.Estudiante", "API.Bll.Estudiante\API.Bll.Estudiante.csproj", "{AAB96C5F-2725-4937-9515-062C89053A9D}"
EndProject
Project("{9A19103F-16F7-4668-BE54-9A1E7A4F7556}") = "API.Bll.Error", "API.Bll.Error\API.Bll.Error.csproj", "{B26308EE-CBD5-4049-9471-BC95DBFFCCBB}"
EndProject
Project("{9A19103F-16F7-4668-BE54-9A1E7A4F7556}") = "API.Bll.Matricula", "API.BII.Matricula\API.Bll.Matricula.csproj", "{1326C172-2303-46BE-9627-6ABFE2241420}"
EndProject
Project("{9A19103F-16F7-4668-BE54-9A1E7A4F7556}") = "API.Bll.Curso", "API.BII.Curso\API.Bll.Curso.csproj", "{7C1D35B4-01D9-4E18-9090-C295823DCC4E}"
EndProject
Project("{9A19103F-16F7-4668-BE54-9A1E7A4F7556}") = "API.Dal.Curso", "API.Dal.Curso\API.Dal.Curso.csproj", "{AF2021F3-3BE1-4E23-9AFD-891060496239}"
EndProject
Project("{9A19103F-16F7-4668-BE54-9A1E7A4F7556}") = "API.Dal.Matricula", "API.Dal.Matricula\API.Dal.Matricula.csproj", "{9DADBC61-CBED-4767-9BFF-E9C290B2803A}"
EndProject
Project("{9A19103F-16F7-4668-BE54-9A1E7A4F7556}") = "API.Dto.Curso", "API.Dto.Curso\API.Dto.Curso.csproj", "{007A8337-861F-4891-97B0-8691FAC31B76}"
EndProject
Project("{9A19103F-16F7-4668-BE54-9A1E7A4F7556}") = "API.Dto.Matricula", "API.Dto.Matricula\API.Dto.Matricula.csproj", "{A2F69982-0DD1-4A68-8F7E-D51D394D2B65}"
EndProject
Project("{9A19103F-16F7-4668-BE54-9A1E7A4F7556}") = "API.Bll.Contenido", "API.Bll.Contenido\API.Bll.Contenido.csproj", "{C46FC332-5CC8-44B0-A22A-EBC7B6A0B6B7}"
EndProject
Project("{9A19103F-16F7-4668-BE54-9A1E7A4F7556}") = "API.Dto.Contenido", "API.Dto.Contenido\API.Dto.Contenido.csproj", "{3EEFC695-D78B-4B5C-A9E5-7FBC1CC8BEC8}"
EndProject
Project("{9A19103F-16F7-4668-BE54-9A1E7A4F7556}") = "API.Dto.Carpeta", "API.Dto.Carpeta\API.Dto.Carpeta.csproj", "{4A460A81-FC0E-402F-BFB2-5FBC1D839DF5}"
EndProject
Project("{9A19103F-16F7-4668-BE54-9A1E7A4F7556}") = "API.Dal.Contenido", "API.Dal.Contenido\API.Dal.Contenido.csproj", "{954BE625-1689-45FE-856B-35AEED58F08A}"
EndProject
Project("{9A19103F-16F7-4668-BE54-9A1E7A4F7556}") = "API.Dto.Departamento", "API.Dto.Departamento\API.Dto.Departamento.csproj", "{EF7ED685-6AF0-4485-9487-77E34D1B7199}"
EndProject
Project("{9A19103F-16F7-4668-BE54-9A1E7A4F7556}") = "API.Dal.Departamento", "API.Dal.Departamento\API.Dal.Departamento.csproj", "{96C146DF-A566-4015-9056-ECFA0DAD5D34}"
EndProject
Project("{9A19103F-16F7-4668-BE54-9A1E7A4F7556}") = "API.Bll.Departamento", "API.Bll.Departamento\API.Bll.Departamento.csproj", "{A2A9DB4A-77A1-4539-B230-0C6431F728FE}"
EndProject
Project("{9A19103F-16F7-4668-BE54-9A1E7A4F7556}") = "API.Dto.Profesor", "API.Dto.Profesor\API.Dto.Profesor.csproj", "{94605F69-6C7E-4658-AF6E-C3E15576F3A9}"
EndProject
Project("{9A19103F-16F7-4668-BE54-9A1E7A4F7556}") = "API.Bll.Profesor", "API.Bll.Profesor\API.Bll.Profesor.csproj", "{D6FC05C4-59B6-46C1-9B11-42F798DA180E}"
EndProject
Project("{9A19103F-16F7-4668-BE54-9A1E7A4F7556}") = "API.Dal.Profesor", "API.Dal.Profesor\API.Dal.Profesor.csproj", "{D3613509-899C-4118-9216-86FA898A22E9}"
EndProject
Global
	GlobalSection(SolutionConfigurationPlatforms) = preSolution
		Debug|Any CPU = Debug|Any CPU
		Release|Any CPU = Release|Any CPU
	EndGlobalSection
	GlobalSection(ProjectConfigurationPlatforms) = postSolution
		{271D3BBF-85D6-4A41-9A84-52C9312D4EEF}.Debug|Any CPU.ActiveCfg = Debug|Any CPU
		{271D3BBF-85D6-4A41-9A84-52C9312D4EEF}.Debug|Any CPU.Build.0 = Debug|Any CPU
		{271D3BBF-85D6-4A41-9A84-52C9312D4EEF}.Release|Any CPU.ActiveCfg = Release|Any CPU
		{271D3BBF-85D6-4A41-9A84-52C9312D4EEF}.Release|Any CPU.Build.0 = Release|Any CPU
		{57BB6B1C-D244-442A-A86E-DED5C24ECA6B}.Debug|Any CPU.ActiveCfg = Debug|Any CPU
		{57BB6B1C-D244-442A-A86E-DED5C24ECA6B}.Debug|Any CPU.Build.0 = Debug|Any CPU
		{57BB6B1C-D244-442A-A86E-DED5C24ECA6B}.Release|Any CPU.ActiveCfg = Release|Any CPU
		{57BB6B1C-D244-442A-A86E-DED5C24ECA6B}.Release|Any CPU.Build.0 = Release|Any CPU
		{72FB3029-51A1-45BC-83E5-3545E4E0759E}.Debug|Any CPU.ActiveCfg = Debug|Any CPU
		{72FB3029-51A1-45BC-83E5-3545E4E0759E}.Debug|Any CPU.Build.0 = Debug|Any CPU
		{72FB3029-51A1-45BC-83E5-3545E4E0759E}.Release|Any CPU.ActiveCfg = Release|Any CPU
		{72FB3029-51A1-45BC-83E5-3545E4E0759E}.Release|Any CPU.Build.0 = Release|Any CPU
		{FF76521C-442A-4CF6-8E18-F0AA15DF69CC}.Debug|Any CPU.ActiveCfg = Debug|Any CPU
		{FF76521C-442A-4CF6-8E18-F0AA15DF69CC}.Debug|Any CPU.Build.0 = Debug|Any CPU
		{FF76521C-442A-4CF6-8E18-F0AA15DF69CC}.Release|Any CPU.ActiveCfg = Release|Any CPU
		{FF76521C-442A-4CF6-8E18-F0AA15DF69CC}.Release|Any CPU.Build.0 = Release|Any CPU
		{3BBA6857-0D65-4CAB-BC5F-E764BD51AC1A}.Debug|Any CPU.ActiveCfg = Debug|Any CPU
		{3BBA6857-0D65-4CAB-BC5F-E764BD51AC1A}.Debug|Any CPU.Build.0 = Debug|Any CPU
		{3BBA6857-0D65-4CAB-BC5F-E764BD51AC1A}.Release|Any CPU.ActiveCfg = Release|Any CPU
		{3BBA6857-0D65-4CAB-BC5F-E764BD51AC1A}.Release|Any CPU.Build.0 = Release|Any CPU
		{C9FB1B5E-537F-4E53-B7E2-06992F6B2C70}.Debug|Any CPU.ActiveCfg = Debug|Any CPU
		{C9FB1B5E-537F-4E53-B7E2-06992F6B2C70}.Debug|Any CPU.Build.0 = Debug|Any CPU
		{C9FB1B5E-537F-4E53-B7E2-06992F6B2C70}.Release|Any CPU.ActiveCfg = Release|Any CPU
		{C9FB1B5E-537F-4E53-B7E2-06992F6B2C70}.Release|Any CPU.Build.0 = Release|Any CPU
		{CB138B49-7A10-4B55-9AC8-6A317E5999F1}.Debug|Any CPU.ActiveCfg = Debug|Any CPU
		{CB138B49-7A10-4B55-9AC8-6A317E5999F1}.Debug|Any CPU.Build.0 = Debug|Any CPU
		{CB138B49-7A10-4B55-9AC8-6A317E5999F1}.Release|Any CPU.ActiveCfg = Release|Any CPU
		{CB138B49-7A10-4B55-9AC8-6A317E5999F1}.Release|Any CPU.Build.0 = Release|Any CPU
		{4D9830CD-2828-4416-8F06-E30F022AAA19}.Debug|Any CPU.ActiveCfg = Debug|Any CPU
		{4D9830CD-2828-4416-8F06-E30F022AAA19}.Debug|Any CPU.Build.0 = Debug|Any CPU
		{4D9830CD-2828-4416-8F06-E30F022AAA19}.Release|Any CPU.ActiveCfg = Release|Any CPU
		{4D9830CD-2828-4416-8F06-E30F022AAA19}.Release|Any CPU.Build.0 = Release|Any CPU
		{AAB96C5F-2725-4937-9515-062C89053A9D}.Debug|Any CPU.ActiveCfg = Debug|Any CPU
		{AAB96C5F-2725-4937-9515-062C89053A9D}.Debug|Any CPU.Build.0 = Debug|Any CPU
		{AAB96C5F-2725-4937-9515-062C89053A9D}.Release|Any CPU.ActiveCfg = Release|Any CPU
		{AAB96C5F-2725-4937-9515-062C89053A9D}.Release|Any CPU.Build.0 = Release|Any CPU
		{B26308EE-CBD5-4049-9471-BC95DBFFCCBB}.Debug|Any CPU.ActiveCfg = Debug|Any CPU
		{B26308EE-CBD5-4049-9471-BC95DBFFCCBB}.Debug|Any CPU.Build.0 = Debug|Any CPU
		{B26308EE-CBD5-4049-9471-BC95DBFFCCBB}.Release|Any CPU.ActiveCfg = Release|Any CPU
		{B26308EE-CBD5-4049-9471-BC95DBFFCCBB}.Release|Any CPU.Build.0 = Release|Any CPU
		{1326C172-2303-46BE-9627-6ABFE2241420}.Debug|Any CPU.ActiveCfg = Debug|Any CPU
		{1326C172-2303-46BE-9627-6ABFE2241420}.Debug|Any CPU.Build.0 = Debug|Any CPU
		{1326C172-2303-46BE-9627-6ABFE2241420}.Release|Any CPU.ActiveCfg = Release|Any CPU
		{1326C172-2303-46BE-9627-6ABFE2241420}.Release|Any CPU.Build.0 = Release|Any CPU
		{7C1D35B4-01D9-4E18-9090-C295823DCC4E}.Debug|Any CPU.ActiveCfg = Debug|Any CPU
		{7C1D35B4-01D9-4E18-9090-C295823DCC4E}.Debug|Any CPU.Build.0 = Debug|Any CPU
		{7C1D35B4-01D9-4E18-9090-C295823DCC4E}.Release|Any CPU.ActiveCfg = Release|Any CPU
		{7C1D35B4-01D9-4E18-9090-C295823DCC4E}.Release|Any CPU.Build.0 = Release|Any CPU
		{AF2021F3-3BE1-4E23-9AFD-891060496239}.Debug|Any CPU.ActiveCfg = Debug|Any CPU
		{AF2021F3-3BE1-4E23-9AFD-891060496239}.Debug|Any CPU.Build.0 = Debug|Any CPU
		{AF2021F3-3BE1-4E23-9AFD-891060496239}.Release|Any CPU.ActiveCfg = Release|Any CPU
		{AF2021F3-3BE1-4E23-9AFD-891060496239}.Release|Any CPU.Build.0 = Release|Any CPU
		{9DADBC61-CBED-4767-9BFF-E9C290B2803A}.Debug|Any CPU.ActiveCfg = Debug|Any CPU
		{9DADBC61-CBED-4767-9BFF-E9C290B2803A}.Debug|Any CPU.Build.0 = Debug|Any CPU
		{9DADBC61-CBED-4767-9BFF-E9C290B2803A}.Release|Any CPU.ActiveCfg = Release|Any CPU
		{9DADBC61-CBED-4767-9BFF-E9C290B2803A}.Release|Any CPU.Build.0 = Release|Any CPU
		{007A8337-861F-4891-97B0-8691FAC31B76}.Debug|Any CPU.ActiveCfg = Debug|Any CPU
		{007A8337-861F-4891-97B0-8691FAC31B76}.Debug|Any CPU.Build.0 = Debug|Any CPU
		{007A8337-861F-4891-97B0-8691FAC31B76}.Release|Any CPU.ActiveCfg = Release|Any CPU
		{007A8337-861F-4891-97B0-8691FAC31B76}.Release|Any CPU.Build.0 = Release|Any CPU
		{A2F69982-0DD1-4A68-8F7E-D51D394D2B65}.Debug|Any CPU.ActiveCfg = Debug|Any CPU
		{A2F69982-0DD1-4A68-8F7E-D51D394D2B65}.Debug|Any CPU.Build.0 = Debug|Any CPU
		{A2F69982-0DD1-4A68-8F7E-D51D394D2B65}.Release|Any CPU.ActiveCfg = Release|Any CPU
		{A2F69982-0DD1-4A68-8F7E-D51D394D2B65}.Release|Any CPU.Build.0 = Release|Any CPU
		{C46FC332-5CC8-44B0-A22A-EBC7B6A0B6B7}.Debug|Any CPU.ActiveCfg = Debug|Any CPU
		{C46FC332-5CC8-44B0-A22A-EBC7B6A0B6B7}.Debug|Any CPU.Build.0 = Debug|Any CPU
		{C46FC332-5CC8-44B0-A22A-EBC7B6A0B6B7}.Release|Any CPU.ActiveCfg = Release|Any CPU
		{C46FC332-5CC8-44B0-A22A-EBC7B6A0B6B7}.Release|Any CPU.Build.0 = Release|Any CPU
		{3EEFC695-D78B-4B5C-A9E5-7FBC1CC8BEC8}.Debug|Any CPU.ActiveCfg = Debug|Any CPU
		{3EEFC695-D78B-4B5C-A9E5-7FBC1CC8BEC8}.Debug|Any CPU.Build.0 = Debug|Any CPU
		{3EEFC695-D78B-4B5C-A9E5-7FBC1CC8BEC8}.Release|Any CPU.ActiveCfg = Release|Any CPU
		{3EEFC695-D78B-4B5C-A9E5-7FBC1CC8BEC8}.Release|Any CPU.Build.0 = Release|Any CPU
		{4A460A81-FC0E-402F-BFB2-5FBC1D839DF5}.Debug|Any CPU.ActiveCfg = Debug|Any CPU
		{4A460A81-FC0E-402F-BFB2-5FBC1D839DF5}.Debug|Any CPU.Build.0 = Debug|Any CPU
		{4A460A81-FC0E-402F-BFB2-5FBC1D839DF5}.Release|Any CPU.ActiveCfg = Release|Any CPU
		{4A460A81-FC0E-402F-BFB2-5FBC1D839DF5}.Release|Any CPU.Build.0 = Release|Any CPU
		{954BE625-1689-45FE-856B-35AEED58F08A}.Debug|Any CPU.ActiveCfg = Debug|Any CPU
		{954BE625-1689-45FE-856B-35AEED58F08A}.Debug|Any CPU.Build.0 = Debug|Any CPU
		{954BE625-1689-45FE-856B-35AEED58F08A}.Release|Any CPU.ActiveCfg = Release|Any CPU
		{954BE625-1689-45FE-856B-35AEED58F08A}.Release|Any CPU.Build.0 = Release|Any CPU
		{EF7ED685-6AF0-4485-9487-77E34D1B7199}.Debug|Any CPU.ActiveCfg = Debug|Any CPU
		{EF7ED685-6AF0-4485-9487-77E34D1B7199}.Debug|Any CPU.Build.0 = Debug|Any CPU
		{EF7ED685-6AF0-4485-9487-77E34D1B7199}.Release|Any CPU.ActiveCfg = Release|Any CPU
		{EF7ED685-6AF0-4485-9487-77E34D1B7199}.Release|Any CPU.Build.0 = Release|Any CPU
		{96C146DF-A566-4015-9056-ECFA0DAD5D34}.Debug|Any CPU.ActiveCfg = Debug|Any CPU
		{96C146DF-A566-4015-9056-ECFA0DAD5D34}.Debug|Any CPU.Build.0 = Debug|Any CPU
		{96C146DF-A566-4015-9056-ECFA0DAD5D34}.Release|Any CPU.ActiveCfg = Release|Any CPU
		{96C146DF-A566-4015-9056-ECFA0DAD5D34}.Release|Any CPU.Build.0 = Release|Any CPU
		{A2A9DB4A-77A1-4539-B230-0C6431F728FE}.Debug|Any CPU.ActiveCfg = Debug|Any CPU
		{A2A9DB4A-77A1-4539-B230-0C6431F728FE}.Debug|Any CPU.Build.0 = Debug|Any CPU
		{A2A9DB4A-77A1-4539-B230-0C6431F728FE}.Release|Any CPU.ActiveCfg = Release|Any CPU
		{A2A9DB4A-77A1-4539-B230-0C6431F728FE}.Release|Any CPU.Build.0 = Release|Any CPU
		{94605F69-6C7E-4658-AF6E-C3E15576F3A9}.Debug|Any CPU.ActiveCfg = Debug|Any CPU
		{94605F69-6C7E-4658-AF6E-C3E15576F3A9}.Debug|Any CPU.Build.0 = Debug|Any CPU
		{94605F69-6C7E-4658-AF6E-C3E15576F3A9}.Release|Any CPU.ActiveCfg = Release|Any CPU
		{94605F69-6C7E-4658-AF6E-C3E15576F3A9}.Release|Any CPU.Build.0 = Release|Any CPU
		{D6FC05C4-59B6-46C1-9B11-42F798DA180E}.Debug|Any CPU.ActiveCfg = Debug|Any CPU
		{D6FC05C4-59B6-46C1-9B11-42F798DA180E}.Debug|Any CPU.Build.0 = Debug|Any CPU
		{D6FC05C4-59B6-46C1-9B11-42F798DA180E}.Release|Any CPU.ActiveCfg = Release|Any CPU
		{D6FC05C4-59B6-46C1-9B11-42F798DA180E}.Release|Any CPU.Build.0 = Release|Any CPU
		{D3613509-899C-4118-9216-86FA898A22E9}.Debug|Any CPU.ActiveCfg = Debug|Any CPU
		{D3613509-899C-4118-9216-86FA898A22E9}.Debug|Any CPU.Build.0 = Debug|Any CPU
		{D3613509-899C-4118-9216-86FA898A22E9}.Release|Any CPU.ActiveCfg = Release|Any CPU
		{D3613509-899C-4118-9216-86FA898A22E9}.Release|Any CPU.Build.0 = Release|Any CPU
	EndGlobalSection
	GlobalSection(SolutionProperties) = preSolution
		HideSolutionNode = FALSE
	EndGlobalSection
	GlobalSection(NestedProjects) = preSolution
		{271D3BBF-85D6-4A41-9A84-52C9312D4EEF} = {B6639267-833F-452D-8A58-7E8DDC8913B9}
		{57BB6B1C-D244-442A-A86E-DED5C24ECA6B} = {F12F7EA2-3282-4703-9C5F-ABE1086F7720}
		{72FB3029-51A1-45BC-83E5-3545E4E0759E} = {31B9DB96-544B-4B25-96D6-DBE34784F38C}
		{FF76521C-442A-4CF6-8E18-F0AA15DF69CC} = {31B9DB96-544B-4B25-96D6-DBE34784F38C}
		{3BBA6857-0D65-4CAB-BC5F-E764BD51AC1A} = {31B9DB96-544B-4B25-96D6-DBE34784F38C}
		{C9FB1B5E-537F-4E53-B7E2-06992F6B2C70} = {5B48DF8B-E477-4D2F-B66D-F1FD8F2B6051}
		{CB138B49-7A10-4B55-9AC8-6A317E5999F1} = {5B48DF8B-E477-4D2F-B66D-F1FD8F2B6051}
		{4D9830CD-2828-4416-8F06-E30F022AAA19} = {5B48DF8B-E477-4D2F-B66D-F1FD8F2B6051}
		{AAB96C5F-2725-4937-9515-062C89053A9D} = {D948A04B-19E6-4798-A5F8-71C8DE92D7DD}
		{B26308EE-CBD5-4049-9471-BC95DBFFCCBB} = {D948A04B-19E6-4798-A5F8-71C8DE92D7DD}
		{1326C172-2303-46BE-9627-6ABFE2241420} = {D948A04B-19E6-4798-A5F8-71C8DE92D7DD}
		{7C1D35B4-01D9-4E18-9090-C295823DCC4E} = {D948A04B-19E6-4798-A5F8-71C8DE92D7DD}
		{AF2021F3-3BE1-4E23-9AFD-891060496239} = {5B48DF8B-E477-4D2F-B66D-F1FD8F2B6051}
		{9DADBC61-CBED-4767-9BFF-E9C290B2803A} = {5B48DF8B-E477-4D2F-B66D-F1FD8F2B6051}
		{007A8337-861F-4891-97B0-8691FAC31B76} = {31B9DB96-544B-4B25-96D6-DBE34784F38C}
		{A2F69982-0DD1-4A68-8F7E-D51D394D2B65} = {31B9DB96-544B-4B25-96D6-DBE34784F38C}
	EndGlobalSection
	GlobalSection(ExtensibilityGlobals) = postSolution
		SolutionGuid = {38DC4FF4-D897-4BF1-8E6C-EE066AC02FC4}
	EndGlobalSection
EndGlobal
