
Microsoft Visual Studio Solution File, Format Version 12.00
# Visual Studio Version 17
VisualStudioVersion = 17.3.32901.215
MinimumVisualStudioVersion = 10.0.40219.1
Project("{9A19103F-16F7-4668-BE54-9A1E7A4F7556}") = "WebAPI", "WebAPI\WebAPI.csproj", "{271D3BBF-85D6-4A41-9A84-52C9312D4EEF}"
EndProject
Project("{9A19103F-16F7-4668-BE54-9A1E7A4F7556}") = "WebAPIMatricula_3C2022", "WebAPIMatricula_3C2022\WebAPIMatricula_3C2022.csproj", "{57BB6B1C-D244-442A-A86E-DED5C24ECA6B}"
EndProject
Project("{2150E333-8FDC-42A3-9474-1A3956D46DE8}") = "Auth", "Auth", "{B6639267-833F-452D-8A58-7E8DDC8913B9}"
EndProject
Project("{2150E333-8FDC-42A3-9474-1A3956D46DE8}") = "Rest", "Rest", "{F12F7EA2-3282-4703-9C5F-ABE1086F7720}"
EndProject
Project("{2150E333-8FDC-42A3-9474-1A3956D46DE8}") = "Bll", "Bll", "{D948A04B-19E6-4798-A5F8-71C8DE92D7DD}"
EndProject
Project("{2150E333-8FDC-42A3-9474-1A3956D46DE8}") = "Dal", "Dal", "{5B48DF8B-E477-4D2F-B66D-F1FD8F2B6051}"
EndProject
Project("{2150E333-8FDC-42A3-9474-1A3956D46DE8}") = "Dto", "Dto", "{31B9DB96-544B-4B25-96D6-DBE34784F38C}"
EndProject
Project("{9A19103F-16F7-4668-BE54-9A1E7A4F7556}") = "API.Dto.Estudiante", "API.Dto.Estudiante\API.Dto.Estudiante.csproj", "{72FB3029-51A1-45BC-83E5-3545E4E0759E}"
EndProject
Project("{9A19103F-16F7-4668-BE54-9A1E7A4F7556}") = "API.Dto.General", "API.Dto.General\API.Dto.General.csproj", "{FF76521C-442A-4CF6-8E18-F0AA15DF69CC}"
EndProject
Project("{9A19103F-16F7-4668-BE54-9A1E7A4F7556}") = "API.Dto.Error", "API.Dto.Error\API.Dto.Error.csproj", "{3BBA6857-0D65-4CAB-BC5F-E764BD51AC1A}"
EndProject
Project("{9A19103F-16F7-4668-BE54-9A1E7A4F7556}") = "API.Dal.Estudiante", "API.Dal.Estudiante\API.Dal.Estudiante.csproj", "{C9FB1B5E-537F-4E53-B7E2-06992F6B2C70}"
EndProject
Project("{9A19103F-16F7-4668-BE54-9A1E7A4F7556}") = "API.Dal.General", "API.Dal.General\API.Dal.General.csproj", "{CB138B49-7A10-4B55-9AC8-6A317E5999F1}"
EndProject
Project("{9A19103F-16F7-4668-BE54-9A1E7A4F7556}") = "API.Dal.Error", "API.Dal.Error\API.Dal.Error.csproj", "{4D9830CD-2828-4416-8F06-E30F022AAA19}"
EndProject
Project("{9A19103F-16F7-4668-BE54-9A1E7A4F7556}") = "API.Bll.Estudiante", "API.Bll.Estudiante\API.Bll.Estudiante.csproj", "{AAB96C5F-2725-4937-9515-062C89053A9D}"
EndProject
Project("{9A19103F-16F7-4668-BE54-9A1E7A4F7556}") = "API.Bll.Error", "API.Bll.Error\API.Bll.Error.csproj", "{B26308EE-CBD5-4049-9471-BC95DBFFCCBB}"
EndProject
Project("{9A19103F-16F7-4668-BE54-9A1E7A4F7556}") = "API.Dal.Curso", "..\..\..\Desktop\Tarea\API.Dal.Curso\API.Dal.Curso.csproj", "{6B0F7DDB-C030-4501-9BEC-9EDA9D5D0466}"
EndProject
Project("{9A19103F-16F7-4668-BE54-9A1E7A4F7556}") = "API.Dal.Matricula", "..\..\..\Desktop\Tarea\API.Dal.Matricula\API.Dal.Matricula.csproj", "{A83F29ED-44D2-43FD-9CF4-58E80594D9FC}"
EndProject
Project("{9A19103F-16F7-4668-BE54-9A1E7A4F7556}") = "API.Dto.Curso", "..\..\..\Desktop\Tarea\API.Dto.Curso\API.Dto.Curso.csproj", "{138CD789-EA51-4BBF-BDE6-936C76C8FA88}"
EndProject
Project("{9A19103F-16F7-4668-BE54-9A1E7A4F7556}") = "API.Dto.Matricula", "..\..\..\Desktop\Tarea\API.Dto.Matricula\API.Dto.Matricula.csproj", "{664E9EEE-9D13-4E98-B9AA-4BB58CB3ED98}"
EndProject
Project("{9A19103F-16F7-4668-BE54-9A1E7A4F7556}") = "Api.Bll.Curso", "..\..\..\Desktop\Tarea\Api.Bll.Curso\Api.Bll.Curso.csproj", "{DE48C8CD-D0AA-41FE-9E22-620F976BBC10}"
EndProject
Project("{9A19103F-16F7-4668-BE54-9A1E7A4F7556}") = "API.Bll.Matricula", "..\..\..\Desktop\Tarea\API.Bll.Matricula\API.Bll.Matricula.csproj", "{CF5D618B-55E7-42EA-B84E-788E480F860C}"
EndProject
Global
	GlobalSection(SolutionConfigurationPlatforms) = preSolution
		Debug|Any CPU = Debug|Any CPU
		Release|Any CPU = Release|Any CPU
	EndGlobalSection
	GlobalSection(ProjectConfigurationPlatforms) = postSolution
		{271D3BBF-85D6-4A41-9A84-52C9312D4EEF}.Debug|Any CPU.ActiveCfg = Debug|Any CPU
		{271D3BBF-85D6-4A41-9A84-52C9312D4EEF}.Debug|Any CPU.Build.0 = Debug|Any CPU
		{271D3BBF-85D6-4A41-9A84-52C9312D4EEF}.Release|Any CPU.ActiveCfg = Release|Any CPU
		{271D3BBF-85D6-4A41-9A84-52C9312D4EEF}.Release|Any CPU.Build.0 = Release|Any CPU
		{57BB6B1C-D244-442A-A86E-DED5C24ECA6B}.Debug|Any CPU.ActiveCfg = Debug|Any CPU
		{57BB6B1C-D244-442A-A86E-DED5C24ECA6B}.Debug|Any CPU.Build.0 = Debug|Any CPU
		{57BB6B1C-D244-442A-A86E-DED5C24ECA6B}.Release|Any CPU.ActiveCfg = Release|Any CPU
		{57BB6B1C-D244-442A-A86E-DED5C24ECA6B}.Release|Any CPU.Build.0 = Release|Any CPU
		{72FB3029-51A1-45BC-83E5-3545E4E0759E}.Debug|Any CPU.ActiveCfg = Debug|Any CPU
		{72FB3029-51A1-45BC-83E5-3545E4E0759E}.Debug|Any CPU.Build.0 = Debug|Any CPU
		{72FB3029-51A1-45BC-83E5-3545E4E0759E}.Release|Any CPU.ActiveCfg = Release|Any CPU
		{72FB3029-51A1-45BC-83E5-3545E4E0759E}.Release|Any CPU.Build.0 = Release|Any CPU
		{FF76521C-442A-4CF6-8E18-F0AA15DF69CC}.Debug|Any CPU.ActiveCfg = Debug|Any CPU
		{FF76521C-442A-4CF6-8E18-F0AA15DF69CC}.Debug|Any CPU.Build.0 = Debug|Any CPU
		{FF76521C-442A-4CF6-8E18-F0AA15DF69CC}.Release|Any CPU.ActiveCfg = Release|Any CPU
		{FF76521C-442A-4CF6-8E18-F0AA15DF69CC}.Release|Any CPU.Build.0 = Release|Any CPU
		{3BBA6857-0D65-4CAB-BC5F-E764BD51AC1A}.Debug|Any CPU.ActiveCfg = Debug|Any CPU
		{3BBA6857-0D65-4CAB-BC5F-E764BD51AC1A}.Debug|Any CPU.Build.0 = Debug|Any CPU
		{3BBA6857-0D65-4CAB-BC5F-E764BD51AC1A}.Release|Any CPU.ActiveCfg = Release|Any CPU
		{3BBA6857-0D65-4CAB-BC5F-E764BD51AC1A}.Release|Any CPU.Build.0 = Release|Any CPU
		{C9FB1B5E-537F-4E53-B7E2-06992F6B2C70}.Debug|Any CPU.ActiveCfg = Debug|Any CPU
		{C9FB1B5E-537F-4E53-B7E2-06992F6B2C70}.Debug|Any CPU.Build.0 = Debug|Any CPU
		{C9FB1B5E-537F-4E53-B7E2-06992F6B2C70}.Release|Any CPU.ActiveCfg = Release|Any CPU
		{C9FB1B5E-537F-4E53-B7E2-06992F6B2C70}.Release|Any CPU.Build.0 = Release|Any CPU
		{CB138B49-7A10-4B55-9AC8-6A317E5999F1}.Debug|Any CPU.ActiveCfg = Debug|Any CPU
		{CB138B49-7A10-4B55-9AC8-6A317E5999F1}.Debug|Any CPU.Build.0 = Debug|Any CPU
		{CB138B49-7A10-4B55-9AC8-6A317E5999F1}.Release|Any CPU.ActiveCfg = Release|Any CPU
		{CB138B49-7A10-4B55-9AC8-6A317E5999F1}.Release|Any CPU.Build.0 = Release|Any CPU
		{4D9830CD-2828-4416-8F06-E30F022AAA19}.Debug|Any CPU.ActiveCfg = Debug|Any CPU
		{4D9830CD-2828-4416-8F06-E30F022AAA19}.Debug|Any CPU.Build.0 = Debug|Any CPU
		{4D9830CD-2828-4416-8F06-E30F022AAA19}.Release|Any CPU.ActiveCfg = Release|Any CPU
		{4D9830CD-2828-4416-8F06-E30F022AAA19}.Release|Any CPU.Build.0 = Release|Any CPU
		{AAB96C5F-2725-4937-9515-062C89053A9D}.Debug|Any CPU.ActiveCfg = Debug|Any CPU
		{AAB96C5F-2725-4937-9515-062C89053A9D}.Debug|Any CPU.Build.0 = Debug|Any CPU
		{AAB96C5F-2725-4937-9515-062C89053A9D}.Release|Any CPU.ActiveCfg = Release|Any CPU
		{AAB96C5F-2725-4937-9515-062C89053A9D}.Release|Any CPU.Build.0 = Release|Any CPU
		{B26308EE-CBD5-4049-9471-BC95DBFFCCBB}.Debug|Any CPU.ActiveCfg = Debug|Any CPU
		{B26308EE-CBD5-4049-9471-BC95DBFFCCBB}.Debug|Any CPU.Build.0 = Debug|Any CPU
		{B26308EE-CBD5-4049-9471-BC95DBFFCCBB}.Release|Any CPU.ActiveCfg = Release|Any CPU
		{B26308EE-CBD5-4049-9471-BC95DBFFCCBB}.Release|Any CPU.Build.0 = Release|Any CPU
		{6B0F7DDB-C030-4501-9BEC-9EDA9D5D0466}.Debug|Any CPU.ActiveCfg = Debug|Any CPU
		{6B0F7DDB-C030-4501-9BEC-9EDA9D5D0466}.Debug|Any CPU.Build.0 = Debug|Any CPU
		{6B0F7DDB-C030-4501-9BEC-9EDA9D5D0466}.Release|Any CPU.ActiveCfg = Release|Any CPU
		{6B0F7DDB-C030-4501-9BEC-9EDA9D5D0466}.Release|Any CPU.Build.0 = Release|Any CPU
		{A83F29ED-44D2-43FD-9CF4-58E80594D9FC}.Debug|Any CPU.ActiveCfg = Debug|Any CPU
		{A83F29ED-44D2-43FD-9CF4-58E80594D9FC}.Debug|Any CPU.Build.0 = Debug|Any CPU
		{A83F29ED-44D2-43FD-9CF4-58E80594D9FC}.Release|Any CPU.ActiveCfg = Release|Any CPU
		{A83F29ED-44D2-43FD-9CF4-58E80594D9FC}.Release|Any CPU.Build.0 = Release|Any CPU
		{138CD789-EA51-4BBF-BDE6-936C76C8FA88}.Debug|Any CPU.ActiveCfg = Debug|Any CPU
		{138CD789-EA51-4BBF-BDE6-936C76C8FA88}.Debug|Any CPU.Build.0 = Debug|Any CPU
		{138CD789-EA51-4BBF-BDE6-936C76C8FA88}.Release|Any CPU.ActiveCfg = Release|Any CPU
		{138CD789-EA51-4BBF-BDE6-936C76C8FA88}.Release|Any CPU.Build.0 = Release|Any CPU
		{664E9EEE-9D13-4E98-B9AA-4BB58CB3ED98}.Debug|Any CPU.ActiveCfg = Debug|Any CPU
		{664E9EEE-9D13-4E98-B9AA-4BB58CB3ED98}.Debug|Any CPU.Build.0 = Debug|Any CPU
		{664E9EEE-9D13-4E98-B9AA-4BB58CB3ED98}.Release|Any CPU.ActiveCfg = Release|Any CPU
		{664E9EEE-9D13-4E98-B9AA-4BB58CB3ED98}.Release|Any CPU.Build.0 = Release|Any CPU
		{DE48C8CD-D0AA-41FE-9E22-620F976BBC10}.Debug|Any CPU.ActiveCfg = Debug|Any CPU
		{DE48C8CD-D0AA-41FE-9E22-620F976BBC10}.Debug|Any CPU.Build.0 = Debug|Any CPU
		{DE48C8CD-D0AA-41FE-9E22-620F976BBC10}.Release|Any CPU.ActiveCfg = Release|Any CPU
		{DE48C8CD-D0AA-41FE-9E22-620F976BBC10}.Release|Any CPU.Build.0 = Release|Any CPU
		{CF5D618B-55E7-42EA-B84E-788E480F860C}.Debug|Any CPU.ActiveCfg = Debug|Any CPU
		{CF5D618B-55E7-42EA-B84E-788E480F860C}.Debug|Any CPU.Build.0 = Debug|Any CPU
		{CF5D618B-55E7-42EA-B84E-788E480F860C}.Release|Any CPU.ActiveCfg = Release|Any CPU
		{CF5D618B-55E7-42EA-B84E-788E480F860C}.Release|Any CPU.Build.0 = Release|Any CPU
	EndGlobalSection
	GlobalSection(SolutionProperties) = preSolution
		HideSolutionNode = FALSE
	EndGlobalSection
	GlobalSection(NestedProjects) = preSolution
		{271D3BBF-85D6-4A41-9A84-52C9312D4EEF} = {B6639267-833F-452D-8A58-7E8DDC8913B9}
		{57BB6B1C-D244-442A-A86E-DED5C24ECA6B} = {F12F7EA2-3282-4703-9C5F-ABE1086F7720}
		{72FB3029-51A1-45BC-83E5-3545E4E0759E} = {31B9DB96-544B-4B25-96D6-DBE34784F38C}
		{FF76521C-442A-4CF6-8E18-F0AA15DF69CC} = {31B9DB96-544B-4B25-96D6-DBE34784F38C}
		{3BBA6857-0D65-4CAB-BC5F-E764BD51AC1A} = {31B9DB96-544B-4B25-96D6-DBE34784F38C}
		{C9FB1B5E-537F-4E53-B7E2-06992F6B2C70} = {5B48DF8B-E477-4D2F-B66D-F1FD8F2B6051}
		{CB138B49-7A10-4B55-9AC8-6A317E5999F1} = {5B48DF8B-E477-4D2F-B66D-F1FD8F2B6051}
		{4D9830CD-2828-4416-8F06-E30F022AAA19} = {5B48DF8B-E477-4D2F-B66D-F1FD8F2B6051}
		{AAB96C5F-2725-4937-9515-062C89053A9D} = {D948A04B-19E6-4798-A5F8-71C8DE92D7DD}
		{B26308EE-CBD5-4049-9471-BC95DBFFCCBB} = {D948A04B-19E6-4798-A5F8-71C8DE92D7DD}
		{6B0F7DDB-C030-4501-9BEC-9EDA9D5D0466} = {5B48DF8B-E477-4D2F-B66D-F1FD8F2B6051}
		{A83F29ED-44D2-43FD-9CF4-58E80594D9FC} = {5B48DF8B-E477-4D2F-B66D-F1FD8F2B6051}
		{138CD789-EA51-4BBF-BDE6-936C76C8FA88} = {31B9DB96-544B-4B25-96D6-DBE34784F38C}
		{664E9EEE-9D13-4E98-B9AA-4BB58CB3ED98} = {31B9DB96-544B-4B25-96D6-DBE34784F38C}
		{DE48C8CD-D0AA-41FE-9E22-620F976BBC10} = {D948A04B-19E6-4798-A5F8-71C8DE92D7DD}
		{CF5D618B-55E7-42EA-B84E-788E480F860C} = {D948A04B-19E6-4798-A5F8-71C8DE92D7DD}
	EndGlobalSection
	GlobalSection(ExtensibilityGlobals) = postSolution
		SolutionGuid = {38DC4FF4-D897-4BF1-8E6C-EE066AC02FC4}
	EndGlobalSection
EndGlobal
